
Microsoft Visual Studio Solution File, Format Version 12.00
# Visual Studio Version 16
VisualStudioVersion = 16.0.33328.57
MinimumVisualStudioVersion = 10.0.40219.1
Project("{FAE04EC0-301F-11D3-BF4B-00C04F79EFBC}") = "MD.UWP", "MD.UWP\MD.UWP.csproj", "{9770BAEA-CCA2-4FCB-9A42-FEADDBF9CD96}"
EndProject
Project("{FAE04EC0-301F-11D3-BF4B-00C04F79EFBC}") = "MD.Android", "MD.Android\MD.Android.csproj", "{A39AB52B-F567-4049-A1DA-8BA446F447C7}"
EndProject
Project("{FAE04EC0-301F-11D3-BF4B-00C04F79EFBC}") = "MD", "MD\MD.csproj", "{4C97C078-A90F-40DF-A9EB-10DEC9B64D50}"
EndProject
Project("{2150E333-8FDC-42A3-9474-1A3956D46DE8}") = "Solution Items", "Solution Items", "{2BB14E17-4192-4791-A365-B151B13C6237}"
	ProjectSection(SolutionItems) = preProject
		管理数据.md = 管理数据.md
	EndProjectSection
EndProject
Global
	GlobalSection(SolutionConfigurationPlatforms) = preSolution
		Debug|Any CPU = Debug|Any CPU
		Debug|ARM = Debug|ARM
		Debug|x64 = Debug|x64
		Debug|x86 = Debug|x86
		Release|Any CPU = Release|Any CPU
		Release|ARM = Release|ARM
		Release|x64 = Release|x64
		Release|x86 = Release|x86
	EndGlobalSection
	GlobalSection(ProjectConfigurationPlatforms) = postSolution
		{9770BAEA-CCA2-4FCB-9A42-FEADDBF9CD96}.Debug|Any CPU.ActiveCfg = Debug|x86
		{9770BAEA-CCA2-4FCB-9A42-FEADDBF9CD96}.Debug|Any CPU.Build.0 = Debug|x86
		{9770BAEA-CCA2-4FCB-9A42-FEADDBF9CD96}.Debug|Any CPU.Deploy.0 = Debug|x86
		{9770BAEA-CCA2-4FCB-9A42-FEADDBF9CD96}.Debug|ARM.ActiveCfg = Debug|ARM
		{9770BAEA-CCA2-4FCB-9A42-FEADDBF9CD96}.Debug|ARM.Build.0 = Debug|ARM
		{9770BAEA-CCA2-4FCB-9A42-FEADDBF9CD96}.Debug|ARM.Deploy.0 = Debug|ARM
		{9770BAEA-CCA2-4FCB-9A42-FEADDBF9CD96}.Debug|x64.ActiveCfg = Debug|x64
		{9770BAEA-CCA2-4FCB-9A42-FEADDBF9CD96}.Debug|x64.Build.0 = Debug|x64
		{9770BAEA-CCA2-4FCB-9A42-FEADDBF9CD96}.Debug|x64.Deploy.0 = Debug|x64
		{9770BAEA-CCA2-4FCB-9A42-FEADDBF9CD96}.Debug|x86.ActiveCfg = Debug|x86
		{9770BAEA-CCA2-4FCB-9A42-FEADDBF9CD96}.Debug|x86.Build.0 = Debug|x86
		{9770BAEA-CCA2-4FCB-9A42-FEADDBF9CD96}.Debug|x86.Deploy.0 = Debug|x86
		{9770BAEA-CCA2-4FCB-9A42-FEADDBF9CD96}.Release|Any CPU.ActiveCfg = Release|x86
		{9770BAEA-CCA2-4FCB-9A42-FEADDBF9CD96}.Release|Any CPU.Build.0 = Release|x86
		{9770BAEA-CCA2-4FCB-9A42-FEADDBF9CD96}.Release|Any CPU.Deploy.0 = Release|x86
		{9770BAEA-CCA2-4FCB-9A42-FEADDBF9CD96}.Release|ARM.ActiveCfg = Release|ARM
		{9770BAEA-CCA2-4FCB-9A42-FEADDBF9CD96}.Release|ARM.Build.0 = Release|ARM
		{9770BAEA-CCA2-4FCB-9A42-FEADDBF9CD96}.Release|ARM.Deploy.0 = Release|ARM
		{9770BAEA-CCA2-4FCB-9A42-FEADDBF9CD96}.Release|x64.ActiveCfg = Release|x64
		{9770BAEA-CCA2-4FCB-9A42-FEADDBF9CD96}.Release|x64.Build.0 = Release|x64
		{9770BAEA-CCA2-4FCB-9A42-FEADDBF9CD96}.Release|x64.Deploy.0 = Release|x64
		{9770BAEA-CCA2-4FCB-9A42-FEADDBF9CD96}.Release|x86.ActiveCfg = Release|x86
		{9770BAEA-CCA2-4FCB-9A42-FEADDBF9CD96}.Release|x86.Build.0 = Release|x86
		{9770BAEA-CCA2-4FCB-9A42-FEADDBF9CD96}.Release|x86.Deploy.0 = Release|x86
		{A39AB52B-F567-4049-A1DA-8BA446F447C7}.Debug|Any CPU.ActiveCfg = Debug|Any CPU
		{A39AB52B-F567-4049-A1DA-8BA446F447C7}.Debug|Any CPU.Build.0 = Debug|Any CPU
		{A39AB52B-F567-4049-A1DA-8BA446F447C7}.Debug|Any CPU.Deploy.0 = Debug|Any CPU
		{A39AB52B-F567-4049-A1DA-8BA446F447C7}.Debug|ARM.ActiveCfg = Debug|Any CPU
		{A39AB52B-F567-4049-A1DA-8BA446F447C7}.Debug|ARM.Build.0 = Debug|Any CPU
		{A39AB52B-F567-4049-A1DA-8BA446F447C7}.Debug|ARM.Deploy.0 = Debug|Any CPU
		{A39AB52B-F567-4049-A1DA-8BA446F447C7}.Debug|x64.ActiveCfg = Debug|Any CPU
		{A39AB52B-F567-4049-A1DA-8BA446F447C7}.Debug|x64.Build.0 = Debug|Any CPU
		{A39AB52B-F567-4049-A1DA-8BA446F447C7}.Debug|x64.Deploy.0 = Debug|Any CPU
		{A39AB52B-F567-4049-A1DA-8BA446F447C7}.Debug|x86.ActiveCfg = Debug|Any CPU
		{A39AB52B-F567-4049-A1DA-8BA446F447C7}.Debug|x86.Build.0 = Debug|Any CPU
		{A39AB52B-F567-4049-A1DA-8BA446F447C7}.Debug|x86.Deploy.0 = Debug|Any CPU
		{A39AB52B-F567-4049-A1DA-8BA446F447C7}.Release|Any CPU.ActiveCfg = Release|Any CPU
		{A39AB52B-F567-4049-A1DA-8BA446F447C7}.Release|Any CPU.Build.0 = Release|Any CPU
		{A39AB52B-F567-4049-A1DA-8BA446F447C7}.Release|Any CPU.Deploy.0 = Release|Any CPU
		{A39AB52B-F567-4049-A1DA-8BA446F447C7}.Release|ARM.ActiveCfg = Release|Any CPU
		{A39AB52B-F567-4049-A1DA-8BA446F447C7}.Release|ARM.Build.0 = Release|Any CPU
		{A39AB52B-F567-4049-A1DA-8BA446F447C7}.Release|ARM.Deploy.0 = Release|Any CPU
		{A39AB52B-F567-4049-A1DA-8BA446F447C7}.Release|x64.ActiveCfg = Release|Any CPU
		{A39AB52B-F567-4049-A1DA-8BA446F447C7}.Release|x64.Build.0 = Release|Any CPU
		{A39AB52B-F567-4049-A1DA-8BA446F447C7}.Release|x64.Deploy.0 = Release|Any CPU
		{A39AB52B-F567-4049-A1DA-8BA446F447C7}.Release|x86.ActiveCfg = Release|Any CPU
		{A39AB52B-F567-4049-A1DA-8BA446F447C7}.Release|x86.Build.0 = Release|Any CPU
		{A39AB52B-F567-4049-A1DA-8BA446F447C7}.Release|x86.Deploy.0 = Release|Any CPU
		{4C97C078-A90F-40DF-A9EB-10DEC9B64D50}.Debug|Any CPU.ActiveCfg = Debug|Any CPU
		{4C97C078-A90F-40DF-A9EB-10DEC9B64D50}.Debug|Any CPU.Build.0 = Debug|Any CPU
		{4C97C078-A90F-40DF-A9EB-10DEC9B64D50}.Debug|Any CPU.Deploy.0 = Debug|Any CPU
		{4C97C078-A90F-40DF-A9EB-10DEC9B64D50}.Debug|ARM.ActiveCfg = Debug|Any CPU
		{4C97C078-A90F-40DF-A9EB-10DEC9B64D50}.Debug|ARM.Build.0 = Debug|Any CPU
		{4C97C078-A90F-40DF-A9EB-10DEC9B64D50}.Debug|ARM.Deploy.0 = Debug|Any CPU
		{4C97C078-A90F-40DF-A9EB-10DEC9B64D50}.Debug|x64.ActiveCfg = Debug|Any CPU
		{4C97C078-A90F-40DF-A9EB-10DEC9B64D50}.Debug|x64.Build.0 = Debug|Any CPU
		{4C97C078-A90F-40DF-A9EB-10DEC9B64D50}.Debug|x64.Deploy.0 = Debug|Any CPU
		{4C97C078-A90F-40DF-A9EB-10DEC9B64D50}.Debug|x86.ActiveCfg = Debug|Any CPU
		{4C97C078-A90F-40DF-A9EB-10DEC9B64D50}.Debug|x86.Build.0 = Debug|Any CPU
		{4C97C078-A90F-40DF-A9EB-10DEC9B64D50}.Debug|x86.Deploy.0 = Debug|Any CPU
		{4C97C078-A90F-40DF-A9EB-10DEC9B64D50}.Release|Any CPU.ActiveCfg = Release|Any CPU
		{4C97C078-A90F-40DF-A9EB-10DEC9B64D50}.Release|Any CPU.Build.0 = Release|Any CPU
		{4C97C078-A90F-40DF-A9EB-10DEC9B64D50}.Release|Any CPU.Deploy.0 = Release|Any CPU
		{4C97C078-A90F-40DF-A9EB-10DEC9B64D50}.Release|ARM.ActiveCfg = Release|Any CPU
		{4C97C078-A90F-40DF-A9EB-10DEC9B64D50}.Release|ARM.Build.0 = Release|Any CPU
		{4C97C078-A90F-40DF-A9EB-10DEC9B64D50}.Release|ARM.Deploy.0 = Release|Any CPU
		{4C97C078-A90F-40DF-A9EB-10DEC9B64D50}.Release|x64.ActiveCfg = Release|Any CPU
		{4C97C078-A90F-40DF-A9EB-10DEC9B64D50}.Release|x64.Build.0 = Release|Any CPU
		{4C97C078-A90F-40DF-A9EB-10DEC9B64D50}.Release|x64.Deploy.0 = Release|Any CPU
		{4C97C078-A90F-40DF-A9EB-10DEC9B64D50}.Release|x86.ActiveCfg = Release|Any CPU
		{4C97C078-A90F-40DF-A9EB-10DEC9B64D50}.Release|x86.Build.0 = Release|Any CPU
		{4C97C078-A90F-40DF-A9EB-10DEC9B64D50}.Release|x86.Deploy.0 = Release|Any CPU
	EndGlobalSection
	GlobalSection(SolutionProperties) = preSolution
		HideSolutionNode = FALSE
	EndGlobalSection
	GlobalSection(ExtensibilityGlobals) = postSolution
		SolutionGuid = {516E9DAD-8CA9-4E4A-BA3D-C1F54376EDAA}
	EndGlobalSection
EndGlobal
