
Microsoft Visual Studio Solution File, Format Version 12.00
# Visual Studio Version 16
VisualStudioVersion = 16.0.33328.57
MinimumVisualStudioVersion = 10.0.40219.1
Project("{FAE04EC0-301F-11D3-BF4B-00C04F79EFBC}") = "AC.UWP", "AC.UWP\AC.UWP.csproj", "{8A0D3D75-685A-46E0-BBA0-88F13255FCE3}"
EndProject
Project("{FAE04EC0-301F-11D3-BF4B-00C04F79EFBC}") = "AC.Android", "AC.Android\AC.Android.csproj", "{162EFE83-507C-4BA1-B9E9-31D9EE3205A2}"
EndProject
Project("{9A19103F-16F7-4668-BE54-9A1E7A4F7556}") = "AC", "AC\AC.csproj", "{93C6E135-5AEB-43B5-A16E-9135EAB9ED75}"
EndProject
Project("{2150E333-8FDC-42A3-9474-1A3956D46DE8}") = "笔记", "笔记", "{1F1A0B42-BB95-4AFA-B4F9-9C9A433F41EF}"
	ProjectSection(SolutionItems) = preProject
		高级控件.md = 高级控件.md
	EndProjectSection
EndProject
Global
	GlobalSection(SolutionConfigurationPlatforms) = preSolution
		Debug|Any CPU = Debug|Any CPU
		Debug|ARM = Debug|ARM
		Debug|x64 = Debug|x64
		Debug|x86 = Debug|x86
		Release|Any CPU = Release|Any CPU
		Release|ARM = Release|ARM
		Release|x64 = Release|x64
		Release|x86 = Release|x86
	EndGlobalSection
	GlobalSection(ProjectConfigurationPlatforms) = postSolution
		{8A0D3D75-685A-46E0-BBA0-88F13255FCE3}.Debug|Any CPU.ActiveCfg = Debug|x86
		{8A0D3D75-685A-46E0-BBA0-88F13255FCE3}.Debug|Any CPU.Build.0 = Debug|x86
		{8A0D3D75-685A-46E0-BBA0-88F13255FCE3}.Debug|Any CPU.Deploy.0 = Debug|x86
		{8A0D3D75-685A-46E0-BBA0-88F13255FCE3}.Debug|ARM.ActiveCfg = Debug|ARM
		{8A0D3D75-685A-46E0-BBA0-88F13255FCE3}.Debug|ARM.Build.0 = Debug|ARM
		{8A0D3D75-685A-46E0-BBA0-88F13255FCE3}.Debug|ARM.Deploy.0 = Debug|ARM
		{8A0D3D75-685A-46E0-BBA0-88F13255FCE3}.Debug|x64.ActiveCfg = Debug|x64
		{8A0D3D75-685A-46E0-BBA0-88F13255FCE3}.Debug|x64.Build.0 = Debug|x64
		{8A0D3D75-685A-46E0-BBA0-88F13255FCE3}.Debug|x64.Deploy.0 = Debug|x64
		{8A0D3D75-685A-46E0-BBA0-88F13255FCE3}.Debug|x86.ActiveCfg = Debug|x86
		{8A0D3D75-685A-46E0-BBA0-88F13255FCE3}.Debug|x86.Build.0 = Debug|x86
		{8A0D3D75-685A-46E0-BBA0-88F13255FCE3}.Debug|x86.Deploy.0 = Debug|x86
		{8A0D3D75-685A-46E0-BBA0-88F13255FCE3}.Release|Any CPU.ActiveCfg = Release|x86
		{8A0D3D75-685A-46E0-BBA0-88F13255FCE3}.Release|Any CPU.Build.0 = Release|x86
		{8A0D3D75-685A-46E0-BBA0-88F13255FCE3}.Release|Any CPU.Deploy.0 = Release|x86
		{8A0D3D75-685A-46E0-BBA0-88F13255FCE3}.Release|ARM.ActiveCfg = Release|ARM
		{8A0D3D75-685A-46E0-BBA0-88F13255FCE3}.Release|ARM.Build.0 = Release|ARM
		{8A0D3D75-685A-46E0-BBA0-88F13255FCE3}.Release|ARM.Deploy.0 = Release|ARM
		{8A0D3D75-685A-46E0-BBA0-88F13255FCE3}.Release|x64.ActiveCfg = Release|x64
		{8A0D3D75-685A-46E0-BBA0-88F13255FCE3}.Release|x64.Build.0 = Release|x64
		{8A0D3D75-685A-46E0-BBA0-88F13255FCE3}.Release|x64.Deploy.0 = Release|x64
		{8A0D3D75-685A-46E0-BBA0-88F13255FCE3}.Release|x86.ActiveCfg = Release|x86
		{8A0D3D75-685A-46E0-BBA0-88F13255FCE3}.Release|x86.Build.0 = Release|x86
		{8A0D3D75-685A-46E0-BBA0-88F13255FCE3}.Release|x86.Deploy.0 = Release|x86
		{162EFE83-507C-4BA1-B9E9-31D9EE3205A2}.Debug|Any CPU.ActiveCfg = Debug|Any CPU
		{162EFE83-507C-4BA1-B9E9-31D9EE3205A2}.Debug|Any CPU.Build.0 = Debug|Any CPU
		{162EFE83-507C-4BA1-B9E9-31D9EE3205A2}.Debug|Any CPU.Deploy.0 = Debug|Any CPU
		{162EFE83-507C-4BA1-B9E9-31D9EE3205A2}.Debug|ARM.ActiveCfg = Debug|Any CPU
		{162EFE83-507C-4BA1-B9E9-31D9EE3205A2}.Debug|ARM.Build.0 = Debug|Any CPU
		{162EFE83-507C-4BA1-B9E9-31D9EE3205A2}.Debug|ARM.Deploy.0 = Debug|Any CPU
		{162EFE83-507C-4BA1-B9E9-31D9EE3205A2}.Debug|x64.ActiveCfg = Debug|Any CPU
		{162EFE83-507C-4BA1-B9E9-31D9EE3205A2}.Debug|x64.Build.0 = Debug|Any CPU
		{162EFE83-507C-4BA1-B9E9-31D9EE3205A2}.Debug|x64.Deploy.0 = Debug|Any CPU
		{162EFE83-507C-4BA1-B9E9-31D9EE3205A2}.Debug|x86.ActiveCfg = Debug|Any CPU
		{162EFE83-507C-4BA1-B9E9-31D9EE3205A2}.Debug|x86.Build.0 = Debug|Any CPU
		{162EFE83-507C-4BA1-B9E9-31D9EE3205A2}.Debug|x86.Deploy.0 = Debug|Any CPU
		{162EFE83-507C-4BA1-B9E9-31D9EE3205A2}.Release|Any CPU.ActiveCfg = Release|Any CPU
		{162EFE83-507C-4BA1-B9E9-31D9EE3205A2}.Release|Any CPU.Build.0 = Release|Any CPU
		{162EFE83-507C-4BA1-B9E9-31D9EE3205A2}.Release|Any CPU.Deploy.0 = Release|Any CPU
		{162EFE83-507C-4BA1-B9E9-31D9EE3205A2}.Release|ARM.ActiveCfg = Release|Any CPU
		{162EFE83-507C-4BA1-B9E9-31D9EE3205A2}.Release|ARM.Build.0 = Release|Any CPU
		{162EFE83-507C-4BA1-B9E9-31D9EE3205A2}.Release|ARM.Deploy.0 = Release|Any CPU
		{162EFE83-507C-4BA1-B9E9-31D9EE3205A2}.Release|x64.ActiveCfg = Release|Any CPU
		{162EFE83-507C-4BA1-B9E9-31D9EE3205A2}.Release|x64.Build.0 = Release|Any CPU
		{162EFE83-507C-4BA1-B9E9-31D9EE3205A2}.Release|x64.Deploy.0 = Release|Any CPU
		{162EFE83-507C-4BA1-B9E9-31D9EE3205A2}.Release|x86.ActiveCfg = Release|Any CPU
		{162EFE83-507C-4BA1-B9E9-31D9EE3205A2}.Release|x86.Build.0 = Release|Any CPU
		{162EFE83-507C-4BA1-B9E9-31D9EE3205A2}.Release|x86.Deploy.0 = Release|Any CPU
		{93C6E135-5AEB-43B5-A16E-9135EAB9ED75}.Debug|Any CPU.ActiveCfg = Debug|Any CPU
		{93C6E135-5AEB-43B5-A16E-9135EAB9ED75}.Debug|Any CPU.Build.0 = Debug|Any CPU
		{93C6E135-5AEB-43B5-A16E-9135EAB9ED75}.Debug|Any CPU.Deploy.0 = Debug|Any CPU
		{93C6E135-5AEB-43B5-A16E-9135EAB9ED75}.Debug|ARM.ActiveCfg = Debug|Any CPU
		{93C6E135-5AEB-43B5-A16E-9135EAB9ED75}.Debug|ARM.Build.0 = Debug|Any CPU
		{93C6E135-5AEB-43B5-A16E-9135EAB9ED75}.Debug|ARM.Deploy.0 = Debug|Any CPU
		{93C6E135-5AEB-43B5-A16E-9135EAB9ED75}.Debug|x64.ActiveCfg = Debug|Any CPU
		{93C6E135-5AEB-43B5-A16E-9135EAB9ED75}.Debug|x64.Build.0 = Debug|Any CPU
		{93C6E135-5AEB-43B5-A16E-9135EAB9ED75}.Debug|x64.Deploy.0 = Debug|Any CPU
		{93C6E135-5AEB-43B5-A16E-9135EAB9ED75}.Debug|x86.ActiveCfg = Debug|Any CPU
		{93C6E135-5AEB-43B5-A16E-9135EAB9ED75}.Debug|x86.Build.0 = Debug|Any CPU
		{93C6E135-5AEB-43B5-A16E-9135EAB9ED75}.Debug|x86.Deploy.0 = Debug|Any CPU
		{93C6E135-5AEB-43B5-A16E-9135EAB9ED75}.Release|Any CPU.ActiveCfg = Release|Any CPU
		{93C6E135-5AEB-43B5-A16E-9135EAB9ED75}.Release|Any CPU.Build.0 = Release|Any CPU
		{93C6E135-5AEB-43B5-A16E-9135EAB9ED75}.Release|Any CPU.Deploy.0 = Release|Any CPU
		{93C6E135-5AEB-43B5-A16E-9135EAB9ED75}.Release|ARM.ActiveCfg = Release|Any CPU
		{93C6E135-5AEB-43B5-A16E-9135EAB9ED75}.Release|ARM.Build.0 = Release|Any CPU
		{93C6E135-5AEB-43B5-A16E-9135EAB9ED75}.Release|ARM.Deploy.0 = Release|Any CPU
		{93C6E135-5AEB-43B5-A16E-9135EAB9ED75}.Release|x64.ActiveCfg = Release|Any CPU
		{93C6E135-5AEB-43B5-A16E-9135EAB9ED75}.Release|x64.Build.0 = Release|Any CPU
		{93C6E135-5AEB-43B5-A16E-9135EAB9ED75}.Release|x64.Deploy.0 = Release|Any CPU
		{93C6E135-5AEB-43B5-A16E-9135EAB9ED75}.Release|x86.ActiveCfg = Release|Any CPU
		{93C6E135-5AEB-43B5-A16E-9135EAB9ED75}.Release|x86.Build.0 = Release|Any CPU
		{93C6E135-5AEB-43B5-A16E-9135EAB9ED75}.Release|x86.Deploy.0 = Release|Any CPU
	EndGlobalSection
	GlobalSection(SolutionProperties) = preSolution
		HideSolutionNode = FALSE
	EndGlobalSection
	GlobalSection(ExtensibilityGlobals) = postSolution
		SolutionGuid = {16E58617-8BDC-48A3-8BB9-994172C4F3F6}
	EndGlobalSection
EndGlobal
